
Microsoft Visual Studio Solution File, Format Version 12.00
# Visual Studio 14
VisualStudioVersion = 14.0.25420.1
MinimumVisualStudioVersion = 10.0.40219.1
Project("{FAE04EC0-301F-11D3-BF4B-00C04F79EFBC}") = "PlancharExcel", "PlancharExcel\PlancharExcel.csproj", "{A108E273-FE6D-4699-8936-457F64A59B97}"
EndProject
Project("{FAE04EC0-301F-11D3-BF4B-00C04F79EFBC}") = "ConnectorLibrary", "ConnectorLibrary\ConnectorLibrary.csproj", "{7ED02722-674C-4A3E-AAC0-292EC52C3777}"
EndProject
Project("{FAE04EC0-301F-11D3-BF4B-00C04F79EFBC}") = "PlancharLibrary", "PlancharLibrary\PlancharLibrary.csproj", "{EFD3E06C-1A76-4B10-A922-D7DD4AB28424}"
EndProject
Project("{FAE04EC0-301F-11D3-BF4B-00C04F79EFBC}") = "ExcelLibrary", "ExcelLibrary\ExcelLibrary.csproj", "{D43553F0-5395-45A7-8890-D3C83A96A106}"
EndProject
Global
	GlobalSection(SolutionConfigurationPlatforms) = preSolution
		Debug|Any CPU = Debug|Any CPU
		Release|Any CPU = Release|Any CPU
	EndGlobalSection
	GlobalSection(ProjectConfigurationPlatforms) = postSolution
		{A108E273-FE6D-4699-8936-457F64A59B97}.Debug|Any CPU.ActiveCfg = Debug|Any CPU
		{A108E273-FE6D-4699-8936-457F64A59B97}.Debug|Any CPU.Build.0 = Debug|Any CPU
		{A108E273-FE6D-4699-8936-457F64A59B97}.Release|Any CPU.ActiveCfg = Release|Any CPU
		{A108E273-FE6D-4699-8936-457F64A59B97}.Release|Any CPU.Build.0 = Release|Any CPU
		{7ED02722-674C-4A3E-AAC0-292EC52C3777}.Debug|Any CPU.ActiveCfg = Debug|Any CPU
		{7ED02722-674C-4A3E-AAC0-292EC52C3777}.Debug|Any CPU.Build.0 = Debug|Any CPU
		{7ED02722-674C-4A3E-AAC0-292EC52C3777}.Release|Any CPU.ActiveCfg = Release|Any CPU
		{7ED02722-674C-4A3E-AAC0-292EC52C3777}.Release|Any CPU.Build.0 = Release|Any CPU
		{EFD3E06C-1A76-4B10-A922-D7DD4AB28424}.Debug|Any CPU.ActiveCfg = Debug|Any CPU
		{EFD3E06C-1A76-4B10-A922-D7DD4AB28424}.Debug|Any CPU.Build.0 = Debug|Any CPU
		{EFD3E06C-1A76-4B10-A922-D7DD4AB28424}.Release|Any CPU.ActiveCfg = Release|Any CPU
		{EFD3E06C-1A76-4B10-A922-D7DD4AB28424}.Release|Any CPU.Build.0 = Release|Any CPU
		{D43553F0-5395-45A7-8890-D3C83A96A106}.Debug|Any CPU.ActiveCfg = Debug|Any CPU
		{D43553F0-5395-45A7-8890-D3C83A96A106}.Debug|Any CPU.Build.0 = Debug|Any CPU
		{D43553F0-5395-45A7-8890-D3C83A96A106}.Release|Any CPU.ActiveCfg = Release|Any CPU
		{D43553F0-5395-45A7-8890-D3C83A96A106}.Release|Any CPU.Build.0 = Release|Any CPU
	EndGlobalSection
	GlobalSection(SolutionProperties) = preSolution
		HideSolutionNode = FALSE
	EndGlobalSection
EndGlobal
